Microsoft Visual Studio Solution File, Format Version 12.00
# Visual Studio Version 17
VisualStudioVersion = 17.5.2.0
MinimumVisualStudioVersion = 10.0.40219.1
Project("{2150E333-8FDC-42A3-9474-1A3956D46DE8}") = "src", "src", "{827E0CD3-B72D-47B6-A68D-7590B98EB39B}"
EndProject
Project("{2150E333-8FDC-42A3-9474-1A3956D46DE8}") = "tests", "tests", "{0AB3BF05-4346-4AA6-1389-037BE0695223}"
EndProject
Project("{FAE04EC0-301F-11D3-BF4B-00C04F79EFBC}") = "TaggerAgent", "src\TaggerAgent\TaggerAgent.csproj", "{BAF26BAD-5EE7-737E-5A0E-3570BB29D244}"
EndProject
Project("{FAE04EC0-301F-11D3-BF4B-00C04F79EFBC}") = "TaggerAgent.Functions", "src\TaggerAgent.Functions\TaggerAgent.Functions.csproj", "{FFEE0E70-1044-9B7A-C7A8-9EE77DDEBD0D}"
EndProject
Project("{FAE04EC0-301F-11D3-BF4B-00C04F79EFBC}") = "TaggerAgent.Tests", "tests\TaggerAgent.Tests\TaggerAgent.Tests.csproj", "{DA4C4760-7AA5-C3D0-5D11-64DDB31EB6CB}"
EndProject
Global
	GlobalSection(SolutionConfigurationPlatforms) = preSolution
		Debug|Any CPU = Debug|Any CPU
		Release|Any CPU = Release|Any CPU
	EndGlobalSection
	GlobalSection(ProjectConfigurationPlatforms) = postSolution
		{BAF26BAD-5EE7-737E-5A0E-3570BB29D244}.Debug|Any CPU.ActiveCfg = Debug|Any CPU
		{BAF26BAD-5EE7-737E-5A0E-3570BB29D244}.Debug|Any CPU.Build.0 = Debug|Any CPU
		{BAF26BAD-5EE7-737E-5A0E-3570BB29D244}.Release|Any CPU.ActiveCfg = Release|Any CPU
		{BAF26BAD-5EE7-737E-5A0E-3570BB29D244}.Release|Any CPU.Build.0 = Release|Any CPU
		{FFEE0E70-1044-9B7A-C7A8-9EE77DDEBD0D}.Debug|Any CPU.ActiveCfg = Debug|Any CPU
		{FFEE0E70-1044-9B7A-C7A8-9EE77DDEBD0D}.Debug|Any CPU.Build.0 = Debug|Any CPU
		{FFEE0E70-1044-9B7A-C7A8-9EE77DDEBD0D}.Release|Any CPU.ActiveCfg = Release|Any CPU
		{FFEE0E70-1044-9B7A-C7A8-9EE77DDEBD0D}.Release|Any CPU.Build.0 = Release|Any CPU
		{DA4C4760-7AA5-C3D0-5D11-64DDB31EB6CB}.Debug|Any CPU.ActiveCfg = Debug|Any CPU
		{DA4C4760-7AA5-C3D0-5D11-64DDB31EB6CB}.Debug|Any CPU.Build.0 = Debug|Any CPU
		{DA4C4760-7AA5-C3D0-5D11-64DDB31EB6CB}.Release|Any CPU.ActiveCfg = Release|Any CPU
		{DA4C4760-7AA5-C3D0-5D11-64DDB31EB6CB}.Release|Any CPU.Build.0 = Release|Any CPU
	EndGlobalSection
	GlobalSection(SolutionProperties) = preSolution
		HideSolutionNode = FALSE
	EndGlobalSection
	GlobalSection(NestedProjects) = preSolution
		{BAF26BAD-5EE7-737E-5A0E-3570BB29D244} = {827E0CD3-B72D-47B6-A68D-7590B98EB39B}
		{FFEE0E70-1044-9B7A-C7A8-9EE77DDEBD0D} = {827E0CD3-B72D-47B6-A68D-7590B98EB39B}
		{DA4C4760-7AA5-C3D0-5D11-64DDB31EB6CB} = {0AB3BF05-4346-4AA6-1389-037BE0695223}
	EndGlobalSection
	GlobalSection(ExtensibilityGlobals) = postSolution
		SolutionGuid = {9AAB1B19-ADD6-43F3-BE9E-6D735229723B}
	EndGlobalSection
EndGlobal
